
Microsoft Visual Studio Solution File, Format Version 12.00
# Visual Studio Version 16
VisualStudioVersion = 16.0.30517.126
MinimumVisualStudioVersion = 10.0.40219.1
Project("{FAE04EC0-301F-11D3-BF4B-00C04F79EFBC}") = "BitcoinApp", "BitcoinApp\BitcoinApp.csproj", "{DFF5983D-3636-4145-B0E7-9060D6E7148B}"
EndProject
Global
	GlobalSection(SolutionConfigurationPlatforms) = preSolution
		Debug|Any CPU = Debug|Any CPU
		Release|Any CPU = Release|Any CPU
	EndGlobalSection
	GlobalSection(ProjectConfigurationPlatforms) = postSolution
		{DFF5983D-3636-4145-B0E7-9060D6E7148B}.Debug|Any CPU.ActiveCfg = Debug|Any CPU
		{DFF5983D-3636-4145-B0E7-9060D6E7148B}.Debug|Any CPU.Build.0 = Debug|Any CPU
		{DFF5983D-3636-4145-B0E7-9060D6E7148B}.Release|Any CPU.ActiveCfg = Release|Any CPU
		{DFF5983D-3636-4145-B0E7-9060D6E7148B}.Release|Any CPU.Build.0 = Release|Any CPU
	EndGlobalSection
	GlobalSection(SolutionProperties) = preSolution
		HideSolutionNode = FALSE
	EndGlobalSection
	GlobalSection(ExtensibilityGlobals) = postSolution
		SolutionGuid = {DBE69089-D6CC-4CF4-8E90-0A39CCE6EE5C}
	EndGlobalSection
EndGlobal
